
Microsoft Visual Studio Solution File, Format Version 12.00
# Visual Studio 15
VisualStudioVersion = 15.0.28307.1433
MinimumVisualStudioVersion = 10.0.40219.1
Project("{888888A0-9F3D-457C-B088-3A5042F75D52}") = "MyApplication", "MyApplication\MyApplication.pyproj", "{C7A1C5EA-73B9-4FA6-95DA-B17E4BAF5545}"
EndProject
Global
	GlobalSection(SolutionConfigurationPlatforms) = preSolution
		Debug|Any CPU = Debug|Any CPU
		Release|Any CPU = Release|Any CPU
	EndGlobalSection
	GlobalSection(ProjectConfigurationPlatforms) = postSolution
		{C7A1C5EA-73B9-4FA6-95DA-B17E4BAF5545}.Debug|Any CPU.ActiveCfg = Debug|Any CPU
		{C7A1C5EA-73B9-4FA6-95DA-B17E4BAF5545}.Release|Any CPU.ActiveCfg = Release|Any CPU
	EndGlobalSection
	GlobalSection(SolutionProperties) = preSolution
		HideSolutionNode = FALSE
	EndGlobalSection
	GlobalSection(ExtensibilityGlobals) = postSolution
		SolutionGuid = {CF0A921D-C8CE-45BB-8A53-6868757F609C}
	EndGlobalSection
EndGlobal
