
Microsoft Visual Studio Solution File, Format Version 12.00
# Visual Studio 15
VisualStudioVersion = 15.0.28307.1433
MinimumVisualStudioVersion = 10.0.40219.1
Project("{888888A0-9F3D-457C-B088-3A5042F75D52}") = "FaceRecognition", "FaceRecognition\FaceRecognition.pyproj", "{5DBD2575-9429-4A18-9DFA-D482E5B58B39}"
EndProject
Global
	GlobalSection(SolutionConfigurationPlatforms) = preSolution
		Debug|Any CPU = Debug|Any CPU
		Release|Any CPU = Release|Any CPU
	EndGlobalSection
	GlobalSection(ProjectConfigurationPlatforms) = postSolution
		{5DBD2575-9429-4A18-9DFA-D482E5B58B39}.Debug|Any CPU.ActiveCfg = Debug|Any CPU
		{5DBD2575-9429-4A18-9DFA-D482E5B58B39}.Release|Any CPU.ActiveCfg = Release|Any CPU
	EndGlobalSection
	GlobalSection(SolutionProperties) = preSolution
		HideSolutionNode = FALSE
	EndGlobalSection
	GlobalSection(ExtensibilityGlobals) = postSolution
		SolutionGuid = {9B75228B-C40B-469E-AF83-8AF12C1752E8}
	EndGlobalSection
EndGlobal
