
Microsoft Visual Studio Solution File, Format Version 12.00
# Visual Studio 15
VisualStudioVersion = 15.0.28307.1433
MinimumVisualStudioVersion = 10.0.40219.1
Project("{888888A0-9F3D-457C-B088-3A5042F75D52}") = "ProcessData", "ProcessData\ProcessData.pyproj", "{E3D56847-C72E-4124-8964-B71A6DB815CB}"
EndProject
Global
	GlobalSection(SolutionConfigurationPlatforms) = preSolution
		Debug|Any CPU = Debug|Any CPU
		Release|Any CPU = Release|Any CPU
	EndGlobalSection
	GlobalSection(ProjectConfigurationPlatforms) = postSolution
		{E3D56847-C72E-4124-8964-B71A6DB815CB}.Debug|Any CPU.ActiveCfg = Debug|Any CPU
		{E3D56847-C72E-4124-8964-B71A6DB815CB}.Release|Any CPU.ActiveCfg = Release|Any CPU
	EndGlobalSection
	GlobalSection(SolutionProperties) = preSolution
		HideSolutionNode = FALSE
	EndGlobalSection
	GlobalSection(ExtensibilityGlobals) = postSolution
		SolutionGuid = {5D64B96E-42E0-49C0-951C-111273CE6164}
	EndGlobalSection
EndGlobal
