
Microsoft Visual Studio Solution File, Format Version 12.00
# Visual Studio 15
VisualStudioVersion = 15.0.28307.1433
MinimumVisualStudioVersion = 10.0.40219.1
Project("{888888A0-9F3D-457C-B088-3A5042F75D52}") = "qt", "qt\qt.pyproj", "{5F1A0BC0-45A5-4841-870F-C9B54618460C}"
EndProject
Global
	GlobalSection(SolutionConfigurationPlatforms) = preSolution
		Debug|Any CPU = Debug|Any CPU
		Release|Any CPU = Release|Any CPU
	EndGlobalSection
	GlobalSection(ProjectConfigurationPlatforms) = postSolution
		{5F1A0BC0-45A5-4841-870F-C9B54618460C}.Debug|Any CPU.ActiveCfg = Debug|Any CPU
		{5F1A0BC0-45A5-4841-870F-C9B54618460C}.Release|Any CPU.ActiveCfg = Release|Any CPU
	EndGlobalSection
	GlobalSection(SolutionProperties) = preSolution
		HideSolutionNode = FALSE
	EndGlobalSection
	GlobalSection(ExtensibilityGlobals) = postSolution
		SolutionGuid = {E11A95F2-351A-4E9D-86EB-9F44B7662D19}
	EndGlobalSection
EndGlobal
